
Microsoft Visual Studio Solution File, Format Version 12.00
# Visual Studio 15
VisualStudioVersion = 15.0.28307.271
MinimumVisualStudioVersion = 10.0.40219.1
Project("{FAE04EC0-301F-11D3-BF4B-00C04F79EFBC}") = "ListyFormyLinqyThingy", "ListyFormyLinqyThingy\ListyFormyLinqyThingy.csproj", "{2B70FB43-50F2-420D-8EC3-2773CD5613CC}"
EndProject
Project("{FAE04EC0-301F-11D3-BF4B-00C04F79EFBC}") = "MyObjects", "MyObjects\MyObjects.csproj", "{A209FE12-12FE-4D55-8FFD-185B54DB87BD}"
EndProject
Global
	GlobalSection(SolutionConfigurationPlatforms) = preSolution
		Debug|Any CPU = Debug|Any CPU
		Release|Any CPU = Release|Any CPU
	EndGlobalSection
	GlobalSection(ProjectConfigurationPlatforms) = postSolution
		{2B70FB43-50F2-420D-8EC3-2773CD5613CC}.Debug|Any CPU.ActiveCfg = Debug|Any CPU
		{2B70FB43-50F2-420D-8EC3-2773CD5613CC}.Debug|Any CPU.Build.0 = Debug|Any CPU
		{2B70FB43-50F2-420D-8EC3-2773CD5613CC}.Release|Any CPU.ActiveCfg = Release|Any CPU
		{2B70FB43-50F2-420D-8EC3-2773CD5613CC}.Release|Any CPU.Build.0 = Release|Any CPU
		{A209FE12-12FE-4D55-8FFD-185B54DB87BD}.Debug|Any CPU.ActiveCfg = Debug|Any CPU
		{A209FE12-12FE-4D55-8FFD-185B54DB87BD}.Debug|Any CPU.Build.0 = Debug|Any CPU
		{A209FE12-12FE-4D55-8FFD-185B54DB87BD}.Release|Any CPU.ActiveCfg = Release|Any CPU
		{A209FE12-12FE-4D55-8FFD-185B54DB87BD}.Release|Any CPU.Build.0 = Release|Any CPU
	EndGlobalSection
	GlobalSection(SolutionProperties) = preSolution
		HideSolutionNode = FALSE
	EndGlobalSection
	GlobalSection(ExtensibilityGlobals) = postSolution
		SolutionGuid = {A2FBE03C-00AC-4EEB-873A-2A150828D1F9}
	EndGlobalSection
EndGlobal
